
Microsoft Visual Studio Solution File, Format Version 12.00
# Visual Studio 15
Project("{FAE04EC0-301F-11D3-BF4B-00C04F79EFBC}") = "LeetCode.Tests", "LeetCode.Tests\LeetCode.Tests.csproj", "{4A830027-7B4C-434F-ABE0-4A4D6E2464D7}"
EndProject
Project("{FAE04EC0-301F-11D3-BF4B-00C04F79EFBC}") = "LeetCode.Solutions", "LeetCode.Solutions\LeetCode.Solutions.csproj", "{1834355B-0147-430C-A1C2-23B5A12B9793}"
EndProject
Project("{FAE04EC0-301F-11D3-BF4B-00C04F79EFBC}") = "LeetCode.SolutionsRunner", "LeetCode.SolutionsRunner\LeetCode.SolutionsRunner.csproj", "{44F1BCE9-FA0C-4296-8FFC-AC58D32B9CDB}"
EndProject
Global
	GlobalSection(SolutionConfigurationPlatforms) = preSolution
		Debug|x86 = Debug|x86
		Release|x86 = Release|x86
	EndGlobalSection
	GlobalSection(ProjectConfigurationPlatforms) = postSolution
		{4A830027-7B4C-434F-ABE0-4A4D6E2464D7}.Debug|x86.ActiveCfg = Debug|Any CPU
		{4A830027-7B4C-434F-ABE0-4A4D6E2464D7}.Debug|x86.Build.0 = Debug|Any CPU
		{4A830027-7B4C-434F-ABE0-4A4D6E2464D7}.Release|x86.ActiveCfg = Release|Any CPU
		{4A830027-7B4C-434F-ABE0-4A4D6E2464D7}.Release|x86.Build.0 = Release|Any CPU
		{1834355B-0147-430C-A1C2-23B5A12B9793}.Debug|x86.ActiveCfg = Debug|Any CPU
		{1834355B-0147-430C-A1C2-23B5A12B9793}.Debug|x86.Build.0 = Debug|Any CPU
		{1834355B-0147-430C-A1C2-23B5A12B9793}.Release|x86.ActiveCfg = Release|Any CPU
		{1834355B-0147-430C-A1C2-23B5A12B9793}.Release|x86.Build.0 = Release|Any CPU
		{44F1BCE9-FA0C-4296-8FFC-AC58D32B9CDB}.Debug|x86.ActiveCfg = Debug|Any CPU
		{44F1BCE9-FA0C-4296-8FFC-AC58D32B9CDB}.Debug|x86.Build.0 = Debug|Any CPU
		{44F1BCE9-FA0C-4296-8FFC-AC58D32B9CDB}.Release|x86.ActiveCfg = Release|Any CPU
		{44F1BCE9-FA0C-4296-8FFC-AC58D32B9CDB}.Release|x86.Build.0 = Release|Any CPU
	EndGlobalSection
	GlobalSection(NestedProjects) = preSolution
	EndGlobalSection
EndGlobal
